
Microsoft Visual Studio Solution File, Format Version 12.00
# Visual Studio Version 16
VisualStudioVersion = 16.0.31313.79
MinimumVisualStudioVersion = 10.0.40219.1
Project("{FAE04EC0-301F-11D3-BF4B-00C04F79EFBC}") = "Project2_INFO5101", "Project2_INFO5101\Project2_INFO5101.csproj", "{284DD2BD-75DA-4085-B94F-957CDBA5F240}"
EndProject
Global
	GlobalSection(SolutionConfigurationPlatforms) = preSolution
		Debug|Any CPU = Debug|Any CPU
		Release|Any CPU = Release|Any CPU
	EndGlobalSection
	GlobalSection(ProjectConfigurationPlatforms) = postSolution
		{284DD2BD-75DA-4085-B94F-957CDBA5F240}.Debug|Any CPU.ActiveCfg = Debug|Any CPU
		{284DD2BD-75DA-4085-B94F-957CDBA5F240}.Debug|Any CPU.Build.0 = Debug|Any CPU
		{284DD2BD-75DA-4085-B94F-957CDBA5F240}.Release|Any CPU.ActiveCfg = Release|Any CPU
		{284DD2BD-75DA-4085-B94F-957CDBA5F240}.Release|Any CPU.Build.0 = Release|Any CPU
	EndGlobalSection
	GlobalSection(SolutionProperties) = preSolution
		HideSolutionNode = FALSE
	EndGlobalSection
	GlobalSection(ExtensibilityGlobals) = postSolution
		SolutionGuid = {E3394488-223B-4A59-AF3B-3E198D7874D6}
	EndGlobalSection
EndGlobal
